
Microsoft Visual Studio Solution File, Format Version 12.00
# Visual Studio Version 17
VisualStudioVersion = 17.3.32901.215
MinimumVisualStudioVersion = 10.0.40219.1
Project("{8BC9CEB8-8B4A-11D0-8D11-00A0C91BC942}") = "netology_5.02.01", "netology_5.02.01\netology_5.02.01.vcxproj", "{1423DD18-215A-480B-B6A2-BFF9DA88A1AD}"
EndProject
Project("{8BC9CEB8-8B4A-11D0-8D11-00A0C91BC942}") = "netology_5.07.01", "netology_5.07.01\netology_5.07.01.vcxproj", "{41B36864-AD75-4718-833D-E7989F2F8975}"
EndProject
Project("{8BC9CEB8-8B4A-11D0-8D11-00A0C91BC942}") = "netology_5.07.02", "netology_5.07.02\netology_5.07.02.vcxproj", "{6AE8FAB8-94D9-4E4A-A16E-B722519FF1C1}"
EndProject
Project("{8BC9CEB8-8B4A-11D0-8D11-00A0C91BC942}") = "netology_5.01.01", "netology_5.01.01\netology_5.01.01.vcxproj", "{00A3EAFA-A36F-4D81-A5D0-A2368A9C1BA3}"
EndProject
Project("{8BC9CEB8-8B4A-11D0-8D11-00A0C91BC942}") = "netology_5.01.02", "netology_5.01.02\netology_5.01.02.vcxproj", "{14695479-9557-4B39-A5EB-934C0A36FB54}"
EndProject
Project("{8BC9CEB8-8B4A-11D0-8D11-00A0C91BC942}") = "netology_5.08.01", "netology_5.08.01\netology_5.08.01.vcxproj", "{18ACCBC1-F5CB-48EE-B07C-E11F502A041C}"
EndProject
Project("{8BC9CEB8-8B4A-11D0-8D11-00A0C91BC942}") = "netology_5.08.02", "netology_5.08.02\netology_5.08.02.vcxproj", "{B92E472E-451B-422B-9BFE-54527AC9059B}"
EndProject
Project("{8BC9CEB8-8B4A-11D0-8D11-00A0C91BC942}") = "netology_5.03.01", "netology_5.03.01\netology_5.03.01.vcxproj", "{236DC864-4450-45B9-8C54-8E4CD2BF1207}"
EndProject
Global
	GlobalSection(SolutionConfigurationPlatforms) = preSolution
		Debug|x64 = Debug|x64
		Debug|x86 = Debug|x86
		Release|x64 = Release|x64
		Release|x86 = Release|x86
	EndGlobalSection
	GlobalSection(ProjectConfigurationPlatforms) = postSolution
		{1423DD18-215A-480B-B6A2-BFF9DA88A1AD}.Debug|x64.ActiveCfg = Debug|x64
		{1423DD18-215A-480B-B6A2-BFF9DA88A1AD}.Debug|x64.Build.0 = Debug|x64
		{1423DD18-215A-480B-B6A2-BFF9DA88A1AD}.Debug|x86.ActiveCfg = Debug|Win32
		{1423DD18-215A-480B-B6A2-BFF9DA88A1AD}.Debug|x86.Build.0 = Debug|Win32
		{1423DD18-215A-480B-B6A2-BFF9DA88A1AD}.Release|x64.ActiveCfg = Release|x64
		{1423DD18-215A-480B-B6A2-BFF9DA88A1AD}.Release|x64.Build.0 = Release|x64
		{1423DD18-215A-480B-B6A2-BFF9DA88A1AD}.Release|x86.ActiveCfg = Release|Win32
		{1423DD18-215A-480B-B6A2-BFF9DA88A1AD}.Release|x86.Build.0 = Release|Win32
		{41B36864-AD75-4718-833D-E7989F2F8975}.Debug|x64.ActiveCfg = Debug|x64
		{41B36864-AD75-4718-833D-E7989F2F8975}.Debug|x64.Build.0 = Debug|x64
		{41B36864-AD75-4718-833D-E7989F2F8975}.Debug|x86.ActiveCfg = Debug|Win32
		{41B36864-AD75-4718-833D-E7989F2F8975}.Debug|x86.Build.0 = Debug|Win32
		{41B36864-AD75-4718-833D-E7989F2F8975}.Release|x64.ActiveCfg = Release|x64
		{41B36864-AD75-4718-833D-E7989F2F8975}.Release|x64.Build.0 = Release|x64
		{41B36864-AD75-4718-833D-E7989F2F8975}.Release|x86.ActiveCfg = Release|Win32
		{41B36864-AD75-4718-833D-E7989F2F8975}.Release|x86.Build.0 = Release|Win32
		{6AE8FAB8-94D9-4E4A-A16E-B722519FF1C1}.Debug|x64.ActiveCfg = Debug|x64
		{6AE8FAB8-94D9-4E4A-A16E-B722519FF1C1}.Debug|x64.Build.0 = Debug|x64
		{6AE8FAB8-94D9-4E4A-A16E-B722519FF1C1}.Debug|x86.ActiveCfg = Debug|Win32
		{6AE8FAB8-94D9-4E4A-A16E-B722519FF1C1}.Debug|x86.Build.0 = Debug|Win32
		{6AE8FAB8-94D9-4E4A-A16E-B722519FF1C1}.Release|x64.ActiveCfg = Release|x64
		{6AE8FAB8-94D9-4E4A-A16E-B722519FF1C1}.Release|x64.Build.0 = Release|x64
		{6AE8FAB8-94D9-4E4A-A16E-B722519FF1C1}.Release|x86.ActiveCfg = Release|Win32
		{6AE8FAB8-94D9-4E4A-A16E-B722519FF1C1}.Release|x86.Build.0 = Release|Win32
		{00A3EAFA-A36F-4D81-A5D0-A2368A9C1BA3}.Debug|x64.ActiveCfg = Debug|x64
		{00A3EAFA-A36F-4D81-A5D0-A2368A9C1BA3}.Debug|x64.Build.0 = Debug|x64
		{00A3EAFA-A36F-4D81-A5D0-A2368A9C1BA3}.Debug|x86.ActiveCfg = Debug|Win32
		{00A3EAFA-A36F-4D81-A5D0-A2368A9C1BA3}.Debug|x86.Build.0 = Debug|Win32
		{00A3EAFA-A36F-4D81-A5D0-A2368A9C1BA3}.Release|x64.ActiveCfg = Release|x64
		{00A3EAFA-A36F-4D81-A5D0-A2368A9C1BA3}.Release|x64.Build.0 = Release|x64
		{00A3EAFA-A36F-4D81-A5D0-A2368A9C1BA3}.Release|x86.ActiveCfg = Release|Win32
		{00A3EAFA-A36F-4D81-A5D0-A2368A9C1BA3}.Release|x86.Build.0 = Release|Win32
		{14695479-9557-4B39-A5EB-934C0A36FB54}.Debug|x64.ActiveCfg = Debug|x64
		{14695479-9557-4B39-A5EB-934C0A36FB54}.Debug|x64.Build.0 = Debug|x64
		{14695479-9557-4B39-A5EB-934C0A36FB54}.Debug|x86.ActiveCfg = Debug|Win32
		{14695479-9557-4B39-A5EB-934C0A36FB54}.Debug|x86.Build.0 = Debug|Win32
		{14695479-9557-4B39-A5EB-934C0A36FB54}.Release|x64.ActiveCfg = Release|x64
		{14695479-9557-4B39-A5EB-934C0A36FB54}.Release|x64.Build.0 = Release|x64
		{14695479-9557-4B39-A5EB-934C0A36FB54}.Release|x86.ActiveCfg = Release|Win32
		{14695479-9557-4B39-A5EB-934C0A36FB54}.Release|x86.Build.0 = Release|Win32
		{18ACCBC1-F5CB-48EE-B07C-E11F502A041C}.Debug|x64.ActiveCfg = Debug|x64
		{18ACCBC1-F5CB-48EE-B07C-E11F502A041C}.Debug|x64.Build.0 = Debug|x64
		{18ACCBC1-F5CB-48EE-B07C-E11F502A041C}.Debug|x86.ActiveCfg = Debug|Win32
		{18ACCBC1-F5CB-48EE-B07C-E11F502A041C}.Debug|x86.Build.0 = Debug|Win32
		{18ACCBC1-F5CB-48EE-B07C-E11F502A041C}.Release|x64.ActiveCfg = Release|x64
		{18ACCBC1-F5CB-48EE-B07C-E11F502A041C}.Release|x64.Build.0 = Release|x64
		{18ACCBC1-F5CB-48EE-B07C-E11F502A041C}.Release|x86.ActiveCfg = Release|Win32
		{18ACCBC1-F5CB-48EE-B07C-E11F502A041C}.Release|x86.Build.0 = Release|Win32
		{B92E472E-451B-422B-9BFE-54527AC9059B}.Debug|x64.ActiveCfg = Debug|x64
		{B92E472E-451B-422B-9BFE-54527AC9059B}.Debug|x64.Build.0 = Debug|x64
		{B92E472E-451B-422B-9BFE-54527AC9059B}.Debug|x86.ActiveCfg = Debug|Win32
		{B92E472E-451B-422B-9BFE-54527AC9059B}.Debug|x86.Build.0 = Debug|Win32
		{B92E472E-451B-422B-9BFE-54527AC9059B}.Release|x64.ActiveCfg = Release|x64
		{B92E472E-451B-422B-9BFE-54527AC9059B}.Release|x64.Build.0 = Release|x64
		{B92E472E-451B-422B-9BFE-54527AC9059B}.Release|x86.ActiveCfg = Release|Win32
		{B92E472E-451B-422B-9BFE-54527AC9059B}.Release|x86.Build.0 = Release|Win32
		{236DC864-4450-45B9-8C54-8E4CD2BF1207}.Debug|x64.ActiveCfg = Debug|x64
		{236DC864-4450-45B9-8C54-8E4CD2BF1207}.Debug|x64.Build.0 = Debug|x64
		{236DC864-4450-45B9-8C54-8E4CD2BF1207}.Debug|x86.ActiveCfg = Debug|Win32
		{236DC864-4450-45B9-8C54-8E4CD2BF1207}.Debug|x86.Build.0 = Debug|Win32
		{236DC864-4450-45B9-8C54-8E4CD2BF1207}.Release|x64.ActiveCfg = Release|x64
		{236DC864-4450-45B9-8C54-8E4CD2BF1207}.Release|x64.Build.0 = Release|x64
		{236DC864-4450-45B9-8C54-8E4CD2BF1207}.Release|x86.ActiveCfg = Release|Win32
		{236DC864-4450-45B9-8C54-8E4CD2BF1207}.Release|x86.Build.0 = Release|Win32
	EndGlobalSection
	GlobalSection(SolutionProperties) = preSolution
		HideSolutionNode = FALSE
	EndGlobalSection
	GlobalSection(ExtensibilityGlobals) = postSolution
		SolutionGuid = {BA76F046-99AC-45A1-A2F5-AF884766C476}
	EndGlobalSection
EndGlobal
